// !$*UTF8*$!
{
	archiveVersion = 1;
	classes = {
	};
	objectVersion = 56;
	objects = {

/* Begin PBXBuildFile section */
		DFFFBD092C05986F0072B200 /* WhatsAppCloneApp.swift in Sources */ = {isa = PBXBuildFile; fileRef = DFFFBD082C05986F0072B200 /* WhatsAppCloneApp.swift */; };
		DFFFBD0D2C0598710072B200 /* Assets.xcassets in Resources */ = {isa = PBXBuildFile; fileRef = DFFFBD0C2C0598710072B200 /* Assets.xcassets */; };
		DFFFBD102C0598710072B200 /* Preview Assets.xcassets in Resources */ = {isa = PBXBuildFile; fileRef = DFFFBD0F2C0598710072B200 /* Preview Assets.xcassets */; };
		DFFFBD192C05B2FE0072B200 /* MainTabView.swift in Sources */ = {isa = PBXBuildFile; fileRef = DFFFBD182C05B2FD0072B200 /* MainTabView.swift */; };
		DFFFBD1B2C05B4820072B200 /* UpdataTabScreen.swift in Sources */ = {isa = PBXBuildFile; fileRef = DFFFBD1A2C05B4820072B200 /* UpdataTabScreen.swift */; };
		DFFFBD1D2C05CA250072B200 /* CallsTabScreen.swift in Sources */ = {isa = PBXBuildFile; fileRef = DFFFBD1C2C05CA250072B200 /* CallsTabScreen.swift */; };
		DFFFBD282C06ADF20072B200 /* CommunityTabScreen.swift in Sources */ = {isa = PBXBuildFile; fileRef = DFFFBD272C06ADF20072B200 /* CommunityTabScreen.swift */; };
/* End PBXBuildFile section */

/* Begin PBXFileReference section */
		DFFFBD052C05986F0072B200 /* WhatsAppClone.app */ = {isa = PBXFileReference; explicitFileType = wrapper.application; includeInIndex = 0; path = WhatsAppClone.app; sourceTree = BUILT_PRODUCTS_DIR; };
		DFFFBD082C05986F0072B200 /* WhatsAppCloneApp.swift */ = {isa = PBXFileReference; lastKnownFileType = sourcecode.swift; path = WhatsAppCloneApp.swift; sourceTree = "<group>"; };
		DFFFBD0C2C0598710072B200 /* Assets.xcassets */ = {isa = PBXFileReference; lastKnownFileType = folder.assetcatalog; path = Assets.xcassets; sourceTree = "<group>"; };
		DFFFBD0F2C0598710072B200 /* Preview Assets.xcassets */ = {isa = PBXFileReference; lastKnownFileType = folder.assetcatalog; path = "Preview Assets.xcassets"; sourceTree = "<group>"; };
		DFFFBD182C05B2FD0072B200 /* MainTabView.swift */ = {isa = PBXFileReference; lastKnownFileType = sourcecode.swift; path = MainTabView.swift; sourceTree = "<group>"; };
		DFFFBD1A2C05B4820072B200 /* UpdataTabScreen.swift */ = {isa = PBXFileReference; lastKnownFileType = sourcecode.swift; path = UpdataTabScreen.swift; sourceTree = "<group>"; };
		DFFFBD1C2C05CA250072B200 /* CallsTabScreen.swift */ = {isa = PBXFileReference; lastKnownFileType = sourcecode.swift; path = CallsTabScreen.swift; sourceTree = "<group>"; };
		DFFFBD272C06ADF20072B200 /* CommunityTabScreen.swift */ = {isa = PBXFileReference; lastKnownFileType = sourcecode.swift; path = CommunityTabScreen.swift; sourceTree = "<group>"; };
/* End PBXFileReference section */

/* Begin PBXFrameworksBuildPhase section */
		DFFFBD022C05986F0072B200 /* Frameworks */ = {
			isa = PBXFrameworksBuildPhase;
			buildActionMask = 2147483647;
			files = (
			);
			runOnlyForDeploymentPostprocessing = 0;
		};
/* End PBXFrameworksBuildPhase section */

/* Begin PBXGroup section */
		DFFFBCFC2C05986F0072B200 = {
			isa = PBXGroup;
			children = (
				DFFFBD072C05986F0072B200 /* WhatsAppClone */,
				DFFFBD062C05986F0072B200 /* Products */,
			);
			sourceTree = "<group>";
		};
		DFFFBD062C05986F0072B200 /* Products */ = {
			isa = PBXGroup;
			children = (
				DFFFBD052C05986F0072B200 /* WhatsAppClone.app */,
			);
			name = Products;
			sourceTree = "<group>";
		};
		DFFFBD072C05986F0072B200 /* WhatsAppClone */ = {
			isa = PBXGroup;
			children = (
				DFFFBD1E2C06AD450072B200 /* Screens */,
				DFFFBD082C05986F0072B200 /* WhatsAppCloneApp.swift */,
				DFFFBD182C05B2FD0072B200 /* MainTabView.swift */,
				DFFFBD0C2C0598710072B200 /* Assets.xcassets */,
				DFFFBD0E2C0598710072B200 /* Preview Content */,
			);
			path = WhatsAppClone;
			sourceTree = "<group>";
		};
		DFFFBD0E2C0598710072B200 /* Preview Content */ = {
			isa = PBXGroup;
			children = (
				DFFFBD0F2C0598710072B200 /* Preview Assets.xcassets */,
			);
			path = "Preview Content";
			sourceTree = "<group>";
		};
		DFFFBD1E2C06AD450072B200 /* Screens */ = {
			isa = PBXGroup;
			children = (
				DFFFBD252C06ADCC0072B200 /* Settings */,
				DFFFBD242C06ADBD0072B200 /* Channel */,
				DFFFBD232C06ADB70072B200 /* Community */,
				DFFFBD212C06AD880072B200 /* Calls */,
				DFFFBD1F2C06AD670072B200 /* Updates */,
			);
			path = Screens;
			sourceTree = "<group>";
		};
		DFFFBD1F2C06AD670072B200 /* Updates */ = {
			isa = PBXGroup;
			children = (
				DFFFBD202C06AD7D0072B200 /* View */,
			);
			path = Updates;
			sourceTree = "<group>";
		};
		DFFFBD202C06AD7D0072B200 /* View */ = {
			isa = PBXGroup;
			children = (
				DFFFBD1A2C05B4820072B200 /* UpdataTabScreen.swift */,
			);
			path = View;
			sourceTree = "<group>";
		};
		DFFFBD212C06AD880072B200 /* Calls */ = {
			isa = PBXGroup;
			children = (
				DFFFBD222C06AD930072B200 /* View */,
			);
			path = Calls;
			sourceTree = "<group>";
		};
		DFFFBD222C06AD930072B200 /* View */ = {
			isa = PBXGroup;
			children = (
				DFFFBD1C2C05CA250072B200 /* CallsTabScreen.swift */,
			);
			path = View;
			sourceTree = "<group>";
		};
		DFFFBD232C06ADB70072B200 /* Community */ = {
			isa = PBXGroup;
			children = (
				DFFFBD262C06ADDB0072B200 /* View */,
			);
			path = Community;
			sourceTree = "<group>";
		};
		DFFFBD242C06ADBD0072B200 /* Channel */ = {
			isa = PBXGroup;
			children = (
			);
			path = Channel;
			sourceTree = "<group>";
		};
		DFFFBD252C06ADCC0072B200 /* Settings */ = {
			isa = PBXGroup;
			children = (
			);
			path = Settings;
			sourceTree = "<group>";
		};
		DFFFBD262C06ADDB0072B200 /* View */ = {
			isa = PBXGroup;
			children = (
				DFFFBD272C06ADF20072B200 /* CommunityTabScreen.swift */,
			);
			path = View;
			sourceTree = "<group>";
		};
/* End PBXGroup section */

/* Begin PBXNativeTarget section */
		DFFFBD042C05986F0072B200 /* WhatsAppClone */ = {
			isa = PBXNativeTarget;
			buildConfigurationList = DFFFBD132C0598710072B200 /* Build configuration list for PBXNativeTarget "WhatsAppClone" */;
			buildPhases = (
				DFFFBD012C05986F0072B200 /* Sources */,
				DFFFBD022C05986F0072B200 /* Frameworks */,
				DFFFBD032C05986F0072B200 /* Resources */,
			);
			buildRules = (
			);
			dependencies = (
			);
			name = WhatsAppClone;
			productName = WhatsAppClone;
			productReference = DFFFBD052C05986F0072B200 /* WhatsAppClone.app */;
			productType = "com.apple.product-type.application";
		};
/* End PBXNativeTarget section */

/* Begin PBXProject section */
		DFFFBCFD2C05986F0072B200 /* Project object */ = {
			isa = PBXProject;
			attributes = {
				BuildIndependentTargetsInParallel = 1;
				LastSwiftUpdateCheck = 1520;
				LastUpgradeCheck = 1520;
				TargetAttributes = {
					DFFFBD042C05986F0072B200 = {
						CreatedOnToolsVersion = 15.2;
					};
				};
			};
			buildConfigurationList = DFFFBD002C05986F0072B200 /* Build configuration list for PBXProject "WhatsAppClone" */;
			compatibilityVersion = "Xcode 14.0";
			developmentRegion = en;
			hasScannedForEncodings = 0;
			knownRegions = (
				en,
				Base,
			);
			mainGroup = DFFFBCFC2C05986F0072B200;
			productRefGroup = DFFFBD062C05986F0072B200 /* Products */;
			projectDirPath = "";
			projectRoot = "";
			targets = (
				DFFFBD042C05986F0072B200 /* WhatsAppClone */,
			);
		};
/* End PBXProject section */

/* Begin PBXResourcesBuildPhase section */
		DFFFBD032C05986F0072B200 /* Resources */ = {
			isa = PBXResourcesBuildPhase;
			buildActionMask = 2147483647;
			files = (
				DFFFBD102C0598710072B200 /* Preview Assets.xcassets in Resources */,
				DFFFBD0D2C0598710072B200 /* Assets.xcassets in Resources */,
			);
			runOnlyForDeploymentPostprocessing = 0;
		};
/* End PBXResourcesBuildPhase section */

/* Begin PBXSourcesBuildPhase section */
		DFFFBD012C05986F0072B200 /* Sources */ = {
			isa = PBXSourcesBuildPhase;
			buildActionMask = 2147483647;
			files = (
				DFFFBD092C05986F0072B200 /* WhatsAppCloneApp.swift in Sources */,
				DFFFBD1D2C05CA250072B200 /* CallsTabScreen.swift in Sources */,
				DFFFBD282C06ADF20072B200 /* CommunityTabScreen.swift in Sources */,
				DFFFBD192C05B2FE0072B200 /* MainTabView.swift in Sources */,
				DFFFBD1B2C05B4820072B200 /* UpdataTabScreen.swift in Sources */,
			);
			runOnlyForDeploymentPostprocessing = 0;
		};
/* End PBXSourcesBuildPhase section */

/* Begin XCBuildConfiguration section */
		DFFFBD112C0598710072B200 /* Debug */ = {
			isa = XCBuildConfiguration;
			buildSettings = {
				ALWAYS_SEARCH_USER_PATHS = NO;
				ASSETCATALOG_COMPILER_GENERATE_SWIFT_ASSET_SYMBOL_EXTENSIONS = YES;
				CLANG_ANALYZER_NONNULL = YES;
				CLANG_ANALYZER_NUMBER_OBJECT_CONVERSION = YES_AGGRESSIVE;
				CLANG_CXX_LANGUAGE_STANDARD = "gnu++20";
				CLANG_ENABLE_MODULES = YES;
				CLANG_ENABLE_OBJC_ARC = YES;
				CLANG_ENABLE_OBJC_WEAK = YES;
				CLANG_WARN_BLOCK_CAPTURE_AUTORELEASING = YES;
				CLANG_WARN_BOOL_CONVERSION = YES;
				CLANG_WARN_COMMA = YES;
				CLANG_WARN_CONSTANT_CONVERSION = YES;
				CLANG_WARN_DEPRECATED_OBJC_IMPLEMENTATIONS = YES;
				CLANG_WARN_DIRECT_OBJC_ISA_USAGE = YES_ERROR;
				CLANG_WARN_DOCUMENTATION_COMMENTS = YES;
				CLANG_WARN_EMPTY_BODY = YES;
				CLANG_WARN_ENUM_CONVERSION = YES;
				CLANG_WARN_INFINITE_RECURSION = YES;
				CLANG_WARN_INT_CONVERSION = YES;
				CLANG_WARN_NON_LITERAL_NULL_CONVERSION = YES;
				CLANG_WARN_OBJC_IMPLICIT_RETAIN_SELF = YES;
				CLANG_WARN_OBJC_LITERAL_CONVERSION = YES;
				CLANG_WARN_OBJC_ROOT_CLASS = YES_ERROR;
				CLANG_WARN_QUOTED_INCLUDE_IN_FRAMEWORK_HEADER = YES;
				CLANG_WARN_RANGE_LOOP_ANALYSIS = YES;
				CLANG_WARN_STRICT_PROTOTYPES = YES;
				CLANG_WARN_SUSPICIOUS_MOVE = YES;
				CLANG_WARN_UNGUARDED_AVAILABILITY = YES_AGGRESSIVE;
				CLANG_WARN_UNREACHABLE_CODE = YES;
				CLANG_WARN__DUPLICATE_METHOD_MATCH = YES;
				COPY_PHASE_STRIP = NO;
				DEBUG_INFORMATION_FORMAT = dwarf;
				ENABLE_STRICT_OBJC_MSGSEND = YES;
				ENABLE_TESTABILITY = YES;
				ENABLE_USER_SCRIPT_SANDBOXING = YES;
				GCC_C_LANGUAGE_STANDARD = gnu17;
				GCC_DYNAMIC_NO_PIC = NO;
				GCC_NO_COMMON_BLOCKS = YES;
				GCC_OPTIMIZATION_LEVEL = 0;
				GCC_PREPROCESSOR_DEFINITIONS = (
					"DEBUG=1",
					"$(inherited)",
				);
				GCC_WARN_64_TO_32_BIT_CONVERSION = YES;
				GCC_WARN_ABOUT_RETURN_TYPE = YES_ERROR;
				GCC_WARN_UNDECLARED_SELECTOR = YES;
				GCC_WARN_UNINITIALIZED_AUTOS = YES_AGGRESSIVE;
				GCC_WARN_UNUSED_FUNCTION = YES;
				GCC_WARN_UNUSED_VARIABLE = YES;
				IPHONEOS_DEPLOYMENT_TARGET = 17.2;
				LOCALIZATION_PREFERS_STRING_CATALOGS = YES;
				MTL_ENABLE_DEBUG_INFO = INCLUDE_SOURCE;
				MTL_FAST_MATH = YES;
				ONLY_ACTIVE_ARCH = YES;
				SDKROOT = iphoneos;
				SWIFT_ACTIVE_COMPILATION_CONDITIONS = "DEBUG $(inherited)";
				SWIFT_OPTIMIZATION_LEVEL = "-Onone";
			};
			name = Debug;
		};
		DFFFBD122C0598710072B200 /* Release */ = {
			isa = XCBuildConfiguration;
			buildSettings = {
				ALWAYS_SEARCH_USER_PATHS = NO;
				ASSETCATALOG_COMPILER_GENERATE_SWIFT_ASSET_SYMBOL_EXTENSIONS = YES;
				CLANG_ANALYZER_NONNULL = YES;
				CLANG_ANALYZER_NUMBER_OBJECT_CONVERSION = YES_AGGRESSIVE;
				CLANG_CXX_LANGUAGE_STANDARD = "gnu++20";
				CLANG_ENABLE_MODULES = YES;
				CLANG_ENABLE_OBJC_ARC = YES;
				CLANG_ENABLE_OBJC_WEAK = YES;
				CLANG_WARN_BLOCK_CAPTURE_AUTORELEASING = YES;
				CLANG_WARN_BOOL_CONVERSION = YES;
				CLANG_WARN_COMMA = YES;
				CLANG_WARN_CONSTANT_CONVERSION = YES;
				CLANG_WARN_DEPRECATED_OBJC_IMPLEMENTATIONS = YES;
				CLANG_WARN_DIRECT_OBJC_ISA_USAGE = YES_ERROR;
				CLANG_WARN_DOCUMENTATION_COMMENTS = YES;
				CLANG_WARN_EMPTY_BODY = YES;
				CLANG_WARN_ENUM_CONVERSION = YES;
				CLANG_WARN_INFINITE_RECURSION = YES;
				CLANG_WARN_INT_CONVERSION = YES;
				CLANG_WARN_NON_LITERAL_NULL_CONVERSION = YES;
				CLANG_WARN_OBJC_IMPLICIT_RETAIN_SELF = YES;
				CLANG_WARN_OBJC_LITERAL_CONVERSION = YES;
				CLANG_WARN_OBJC_ROOT_CLASS = YES_ERROR;
				CLANG_WARN_QUOTED_INCLUDE_IN_FRAMEWORK_HEADER = YES;
				CLANG_WARN_RANGE_LOOP_ANALYSIS = YES;
				CLANG_WARN_STRICT_PROTOTYPES = YES;
				CLANG_WARN_SUSPICIOUS_MOVE = YES;
				CLANG_WARN_UNGUARDED_AVAILABILITY = YES_AGGRESSIVE;
				CLANG_WARN_UNREACHABLE_CODE = YES;
				CLANG_WARN__DUPLICATE_METHOD_MATCH = YES;
				COPY_PHASE_STRIP = NO;
				DEBUG_INFORMATION_FORMAT = "dwarf-with-dsym";
				ENABLE_NS_ASSERTIONS = NO;
				ENABLE_STRICT_OBJC_MSGSEND = YES;
				ENABLE_USER_SCRIPT_SANDBOXING = YES;
				GCC_C_LANGUAGE_STANDARD = gnu17;
				GCC_NO_COMMON_BLOCKS = YES;
				GCC_WARN_64_TO_32_BIT_CONVERSION = YES;
				GCC_WARN_ABOUT_RETURN_TYPE = YES_ERROR;
				GCC_WARN_UNDECLARED_SELECTOR = YES;
				GCC_WARN_UNINITIALIZED_AUTOS = YES_AGGRESSIVE;
				GCC_WARN_UNUSED_FUNCTION = YES;
				GCC_WARN_UNUSED_VARIABLE = YES;
				IPHONEOS_DEPLOYMENT_TARGET = 17.2;
				LOCALIZATION_PREFERS_STRING_CATALOGS = YES;
				MTL_ENABLE_DEBUG_INFO = NO;
				MTL_FAST_MATH = YES;
				SDKROOT = iphoneos;
				SWIFT_COMPILATION_MODE = wholemodule;
				VALIDATE_PRODUCT = YES;
			};
			name = Release;
		};
		DFFFBD142C0598710072B200 /* Debug */ = {
			isa = XCBuildConfiguration;
			buildSettings = {
				ASSETCATALOG_COMPILER_APPICON_NAME = AppIcon;
				ASSETCATALOG_COMPILER_GLOBAL_ACCENT_COLOR_NAME = AccentColor;
				CODE_SIGN_STYLE = Automatic;
				CURRENT_PROJECT_VERSION = 1;
				DEVELOPMENT_ASSET_PATHS = "\"WhatsAppClone/Preview Content\"";
				DEVELOPMENT_TEAM = JF56Q52HA5;
				ENABLE_PREVIEWS = YES;
				GENERATE_INFOPLIST_FILE = YES;
				INFOPLIST_KEY_UIApplicationSceneManifest_Generation = YES;
				INFOPLIST_KEY_UIApplicationSupportsIndirectInputEvents = YES;
				INFOPLIST_KEY_UILaunchScreen_Generation = YES;
				INFOPLIST_KEY_UISupportedInterfaceOrientations_iPad = "UIInterfaceOrientationPortrait UIInterfaceOrientationPortraitUpsideDown UIInterfaceOrientationLandscapeLeft UIInterfaceOrientationLandscapeRight";
				INFOPLIST_KEY_UISupportedInterfaceOrientations_iPhone = "UIInterfaceOrientationPortrait UIInterfaceOrientationLandscapeLeft UIInterfaceOrientationLandscapeRight";
				LD_RUNPATH_SEARCH_PATHS = (
					"$(inherited)",
					"@executable_path/Frameworks",
				);
				MARKETING_VERSION = 1.0;
				PRODUCT_BUNDLE_IDENTIFIER = com.luke.SwiftUIPractice.WhatsAppClone;
				PRODUCT_NAME = "$(TARGET_NAME)";
				SWIFT_EMIT_LOC_STRINGS = YES;
				SWIFT_VERSION = 5.0;
				TARGETED_DEVICE_FAMILY = "1,2";
			};
			name = Debug;
		};
		DFFFBD152C0598710072B200 /* Release */ = {
			isa = XCBuildConfiguration;
			buildSettings = {
				ASSETCATALOG_COMPILER_APPICON_NAME = AppIcon;
				ASSETCATALOG_COMPILER_GLOBAL_ACCENT_COLOR_NAME = AccentColor;
				CODE_SIGN_STYLE = Automatic;
				CURRENT_PROJECT_VERSION = 1;
				DEVELOPMENT_ASSET_PATHS = "\"WhatsAppClone/Preview Content\"";
				DEVELOPMENT_TEAM = JF56Q52HA5;
				ENABLE_PREVIEWS = YES;
				GENERATE_INFOPLIST_FILE = YES;
				INFOPLIST_KEY_UIApplicationSceneManifest_Generation = YES;
				INFOPLIST_KEY_UIApplicationSupportsIndirectInputEvents = YES;
				INFOPLIST_KEY_UILaunchScreen_Generation = YES;
				INFOPLIST_KEY_UISupportedInterfaceOrientations_iPad = "UIInterfaceOrientationPortrait UIInterfaceOrientationPortraitUpsideDown UIInterfaceOrientationLandscapeLeft UIInterfaceOrientationLandscapeRight";
				INFOPLIST_KEY_UISupportedInterfaceOrientations_iPhone = "UIInterfaceOrientationPortrait UIInterfaceOrientationLandscapeLeft UIInterfaceOrientationLandscapeRight";
				LD_RUNPATH_SEARCH_PATHS = (
					"$(inherited)",
					"@executable_path/Frameworks",
				);
				MARKETING_VERSION = 1.0;
				PRODUCT_BUNDLE_IDENTIFIER = com.luke.SwiftUIPractice.WhatsAppClone;
				PRODUCT_NAME = "$(TARGET_NAME)";
				SWIFT_EMIT_LOC_STRINGS = YES;
				SWIFT_VERSION = 5.0;
				TARGETED_DEVICE_FAMILY = "1,2";
			};
			name = Release;
		};
/* End XCBuildConfiguration section */

/* Begin XCConfigurationList section */
		DFFFBD002C05986F0072B200 /* Build configuration list for PBXProject "WhatsAppClone" */ = {
			isa = XCConfigurationList;
			buildConfigurations = (
				DFFFBD112C0598710072B200 /* Debug */,
				DFFFBD122C0598710072B200 /* Release */,
			);
			defaultConfigurationIsVisible = 0;
			defaultConfigurationName = Release;
		};
		DFFFBD132C0598710072B200 /* Build configuration list for PBXNativeTarget "WhatsAppClone" */ = {
			isa = XCConfigurationList;
			buildConfigurations = (
				DFFFBD142C0598710072B200 /* Debug */,
				DFFFBD152C0598710072B200 /* Release */,
			);
			defaultConfigurationIsVisible = 0;
			defaultConfigurationName = Release;
		};
/* End XCConfigurationList section */
	};
	rootObject = DFFFBCFD2C05986F0072B200 /* Project object */;
}
