// !$*UTF8*$!
{
	archiveVersion = 1;
	classes = {
	};
	objectVersion = 56;
	objects = {

/* Begin PBXBuildFile section */
		A30F607C2C2265F500A4D4CB /* FirebaseAuth in Frameworks */ = {isa = PBXBuildFile; productRef = A30F607B2C2265F500A4D4CB /* FirebaseAuth */; };
		A30F607E2C2265F500A4D4CB /* FirebaseAuthCombine-Community in Frameworks */ = {isa = PBXBuildFile; productRef = A30F607D2C2265F500A4D4CB /* FirebaseAuthCombine-Community */; };
		A30F60802C2265F500A4D4CB /* FirebaseDatabase in Frameworks */ = {isa = PBXBuildFile; productRef = A30F607F2C2265F500A4D4CB /* FirebaseDatabase */; };
		A30F60822C2265F500A4D4CB /* FirebaseDatabaseSwift in Frameworks */ = {isa = PBXBuildFile; productRef = A30F60812C2265F500A4D4CB /* FirebaseDatabaseSwift */; };
		A30F60842C2265F500A4D4CB /* FirebaseFirestore in Frameworks */ = {isa = PBXBuildFile; productRef = A30F60832C2265F500A4D4CB /* FirebaseFirestore */; };
		A30F60862C2265F500A4D4CB /* FirebaseFirestoreCombine-Community in Frameworks */ = {isa = PBXBuildFile; productRef = A30F60852C2265F500A4D4CB /* FirebaseFirestoreCombine-Community */; };
		A30F60882C2265F500A4D4CB /* FirebaseFirestoreSwift in Frameworks */ = {isa = PBXBuildFile; productRef = A30F60872C2265F500A4D4CB /* FirebaseFirestoreSwift */; };
		A30F608A2C2265F500A4D4CB /* FirebaseStorage in Frameworks */ = {isa = PBXBuildFile; productRef = A30F60892C2265F500A4D4CB /* FirebaseStorage */; };
		A30F608C2C2265F500A4D4CB /* FirebaseStorageCombine-Community in Frameworks */ = {isa = PBXBuildFile; productRef = A30F608B2C2265F500A4D4CB /* FirebaseStorageCombine-Community */; };
		A30F608E2C22B3E100A4D4CB /* ChannelCreationTextView.swift in Sources */ = {isa = PBXBuildFile; fileRef = A30F608D2C22B3E100A4D4CB /* ChannelCreationTextView.swift */; };
		A30F60902C22B72100A4D4CB /* AdminMessageTextView.swift in Sources */ = {isa = PBXBuildFile; fileRef = A30F608F2C22B72100A4D4CB /* AdminMessageTextView.swift */; };
		A30F60932C22C65500A4D4CB /* Kingfisher in Frameworks */ = {isa = PBXBuildFile; productRef = A30F60922C22C65500A4D4CB /* Kingfisher */; };
		A30F60962C22D31900A4D4CB /* CircularProfileImageView.swift in Sources */ = {isa = PBXBuildFile; fileRef = A30F60952C22D31900A4D4CB /* CircularProfileImageView.swift */; };
		A30F60982C23157600A4D4CB /* Date+Extensions.swift in Sources */ = {isa = PBXBuildFile; fileRef = A30F60972C23157600A4D4CB /* Date+Extensions.swift */; };
		A330E1072C2D0537007095AD /* TimeInterval+Extensions.swift in Sources */ = {isa = PBXBuildFile; fileRef = A330E1062C2D0536007095AD /* TimeInterval+Extensions.swift */; };
		A3CB2A0B2C32C1DD00AB23EC /* UIApplication+Extensions.swift in Sources */ = {isa = PBXBuildFile; fileRef = A3CB2A0A2C32C1DD00AB23EC /* UIApplication+Extensions.swift */; };
		A3CB2A0D2C32C67600AB23EC /* UIWindowScene+Extensions.swift in Sources */ = {isa = PBXBuildFile; fileRef = A3CB2A0C2C32C67600AB23EC /* UIWindowScene+Extensions.swift */; };
		A3CB2A0F2C3385E200AB23EC /* .sourcery.yml in Resources */ = {isa = PBXBuildFile; fileRef = A3CB2A0E2C3385E200AB23EC /* .sourcery.yml */; };
		A3CB2A122C3386F100AB23EC /* Documentation.stencil in Resources */ = {isa = PBXBuildFile; fileRef = A3CB2A112C3386F100AB23EC /* Documentation.stencil */; };
		A3CB2A192C3527A100AB23EC /* VoiceMessagePlayer.swift in Sources */ = {isa = PBXBuildFile; fileRef = A3CB2A182C3527A100AB23EC /* VoiceMessagePlayer.swift */; };
		A3D57BA92C290D190079822D /* MediaAttachmentPreview.swift in Sources */ = {isa = PBXBuildFile; fileRef = A3D57BA82C290D190079822D /* MediaAttachmentPreview.swift */; };
		A3D57BAD2C2A47910079822D /* PhotosPickerItem+Extensions.swift in Sources */ = {isa = PBXBuildFile; fileRef = A3D57BAC2C2A47910079822D /* PhotosPickerItem+Extensions.swift */; };
		A3D57BAF2C2A4AC70079822D /* MediaPickerItem+Types.swift in Sources */ = {isa = PBXBuildFile; fileRef = A3D57BAE2C2A4AC70079822D /* MediaPickerItem+Types.swift */; };
		A3D57BB12C2A57160079822D /* URL+Extension.swift in Sources */ = {isa = PBXBuildFile; fileRef = A3D57BB02C2A57160079822D /* URL+Extension.swift */; };
		A3D57BB32C2AA0BD0079822D /* mediaPlayerView.swift in Sources */ = {isa = PBXBuildFile; fileRef = A3D57BB22C2AA0BD0079822D /* mediaPlayerView.swift */; };
		A3D57BB52C2BA3020079822D /* commit 38.md in Resources */ = {isa = PBXBuildFile; fileRef = A3D57BB42C2BA3020079822D /* commit 38.md */; };
		A3D57BB72C2C01A10079822D /* VoiceRecorderService.swift in Sources */ = {isa = PBXBuildFile; fileRef = A3D57BB62C2C01A00079822D /* VoiceRecorderService.swift */; };
		A3D57BBA2C2CE5AB0079822D /* FirebaseHelper.swift in Sources */ = {isa = PBXBuildFile; fileRef = A3D57BB92C2CE5AB0079822D /* FirebaseHelper.swift */; };
		A3E0B0FD2C24315200E4246D /* Episode-36-Fetching channel members in ChatRoom.md in Resources */ = {isa = PBXBuildFile; fileRef = A3E0B0FC2C24315200E4246D /* Episode-36-Fetching channel members in ChatRoom.md */; };
		DF03461F2C0D583F00A70B47 /* WhatsApp.swift in Sources */ = {isa = PBXBuildFile; fileRef = DF03461E2C0D583F00A70B47 /* WhatsApp.swift */; };
		DF0346262C0D584100A70B47 /* Preview Assets.xcassets in Resources */ = {isa = PBXBuildFile; fileRef = DF0346252C0D584100A70B47 /* Preview Assets.xcassets */; };
		DF0346432C0D592C00A70B47 /* FirebaseConstants.swift in Sources */ = {isa = PBXBuildFile; fileRef = DF0346422C0D592C00A70B47 /* FirebaseConstants.swift */; };
		DF0346462C0D593900A70B47 /* CustomModifiers.swift in Sources */ = {isa = PBXBuildFile; fileRef = DF0346452C0D593900A70B47 /* CustomModifiers.swift */; };
		DF03467F2C0D594000A70B47 /* MessageListController.swift in Sources */ = {isa = PBXBuildFile; fileRef = DF03464A2C0D594000A70B47 /* MessageListController.swift */; };
		DF0346802C0D594000A70B47 /* MessageListView.swift in Sources */ = {isa = PBXBuildFile; fileRef = DF03464B2C0D594000A70B47 /* MessageListView.swift */; };
		DF0346812C0D594000A70B47 /* BubbleTextView.swift in Sources */ = {isa = PBXBuildFile; fileRef = DF03464D2C0D594000A70B47 /* BubbleTextView.swift */; };
		DF0346822C0D594000A70B47 /* BubbleAudioView.swift in Sources */ = {isa = PBXBuildFile; fileRef = DF03464E2C0D594000A70B47 /* BubbleAudioView.swift */; };
		DF0346832C0D594000A70B47 /* BubbleImageView.swift in Sources */ = {isa = PBXBuildFile; fileRef = DF03464F2C0D594000A70B47 /* BubbleImageView.swift */; };
		DF0346842C0D594000A70B47 /* BubbleTailView.swift in Sources */ = {isa = PBXBuildFile; fileRef = DF0346502C0D594000A70B47 /* BubbleTailView.swift */; };
		DF0346852C0D594000A70B47 /* ChatRoomScreen.swift in Sources */ = {isa = PBXBuildFile; fileRef = DF0346512C0D594000A70B47 /* ChatRoomScreen.swift */; };
		DF0346862C0D594000A70B47 /* TextInputArea.swift in Sources */ = {isa = PBXBuildFile; fileRef = DF0346522C0D594000A70B47 /* TextInputArea.swift */; };
		DF0346872C0D594000A70B47 /* MessageItem.swift in Sources */ = {isa = PBXBuildFile; fileRef = DF0346542C0D594000A70B47 /* MessageItem.swift */; };
		DF0346882C0D594000A70B47 /* CommunityTabScreen.swift in Sources */ = {isa = PBXBuildFile; fileRef = DF0346572C0D594000A70B47 /* CommunityTabScreen.swift */; };
		DF0346892C0D594000A70B47 /* CallsTabScreen.swift in Sources */ = {isa = PBXBuildFile; fileRef = DF03465A2C0D594000A70B47 /* CallsTabScreen.swift */; };
		DF03468A2C0D594000A70B47 /* UpdataTabScreen.swift in Sources */ = {isa = PBXBuildFile; fileRef = DF03465D2C0D594000A70B47 /* UpdataTabScreen.swift */; };
		DF03468B2C0D594000A70B47 /* SettingsTabScreen.swift in Sources */ = {isa = PBXBuildFile; fileRef = DF0346602C0D594000A70B47 /* SettingsTabScreen.swift */; };
		DF03468C2C0D594000A70B47 /* SettingsItemView.swift in Sources */ = {isa = PBXBuildFile; fileRef = DF0346612C0D594000A70B47 /* SettingsItemView.swift */; };
		DF03468D2C0D594000A70B47 /* SettingsItem.swift in Sources */ = {isa = PBXBuildFile; fileRef = DF0346632C0D594000A70B47 /* SettingsItem.swift */; };
		DF03468E2C0D594000A70B47 /* SignUpScreen.swift in Sources */ = {isa = PBXBuildFile; fileRef = DF0346662C0D594000A70B47 /* SignUpScreen.swift */; };
		DF03468F2C0D594000A70B47 /* AuthTextField.swift in Sources */ = {isa = PBXBuildFile; fileRef = DF0346672C0D594000A70B47 /* AuthTextField.swift */; };
		DF0346902C0D594000A70B47 /* AuthHeaderView.swift in Sources */ = {isa = PBXBuildFile; fileRef = DF0346682C0D594000A70B47 /* AuthHeaderView.swift */; };
		DF0346912C0D594000A70B47 /* LoginScreen.swift in Sources */ = {isa = PBXBuildFile; fileRef = DF0346692C0D594000A70B47 /* LoginScreen.swift */; };
		DF0346922C0D594000A70B47 /* AuthButton.swift in Sources */ = {isa = PBXBuildFile; fileRef = DF03466A2C0D594000A70B47 /* AuthButton.swift */; };
		DF0346932C0D594000A70B47 /* AuthProvider.swift in Sources */ = {isa = PBXBuildFile; fileRef = DF03466C2C0D594000A70B47 /* AuthProvider.swift */; };
		DF0346942C0D594000A70B47 /* AuthScreenModel.swift in Sources */ = {isa = PBXBuildFile; fileRef = DF03466E2C0D594000A70B47 /* AuthScreenModel.swift */; };
		DF0346952C0D594000A70B47 /* UserItem.swift in Sources */ = {isa = PBXBuildFile; fileRef = DF0346702C0D594000A70B47 /* UserItem.swift */; };
		DF0346962C0D594000A70B47 /* RootScreen.swift in Sources */ = {isa = PBXBuildFile; fileRef = DF0346732C0D594000A70B47 /* RootScreen.swift */; };
		DF0346972C0D594000A70B47 /* RootScreenModel.swift in Sources */ = {isa = PBXBuildFile; fileRef = DF0346752C0D594000A70B47 /* RootScreenModel.swift */; };
		DF0346982C0D594000A70B47 /* ChannelItemView.swift in Sources */ = {isa = PBXBuildFile; fileRef = DF0346782C0D594000A70B47 /* ChannelItemView.swift */; };
		DF0346992C0D594000A70B47 /* ChannelTabScreen.swift in Sources */ = {isa = PBXBuildFile; fileRef = DF0346792C0D594000A70B47 /* ChannelTabScreen.swift */; };
		DF03469A2C0D594000A70B47 /* ChatPartnerRowView.swift in Sources */ = {isa = PBXBuildFile; fileRef = DF03467A2C0D594000A70B47 /* ChatPartnerRowView.swift */; };
		DF03469B2C0D594000A70B47 /* ChatPartnerPickerScreen.swift in Sources */ = {isa = PBXBuildFile; fileRef = DF03467B2C0D594000A70B47 /* ChatPartnerPickerScreen.swift */; };
		DF03469C2C0D594000A70B47 /* GroupChatPartnersScreen.swift in Sources */ = {isa = PBXBuildFile; fileRef = DF03467C2C0D594000A70B47 /* GroupChatPartnersScreen.swift */; };
		DF03469D2C0D594000A70B47 /* ChatPartnerPickerViewModel.swift in Sources */ = {isa = PBXBuildFile; fileRef = DF03467E2C0D594000A70B47 /* ChatPartnerPickerViewModel.swift */; };
		DF03469F2C0D595600A70B47 /* MainTabView.swift in Sources */ = {isa = PBXBuildFile; fileRef = DF03469E2C0D595600A70B47 /* MainTabView.swift */; };
		DF0346A22C0D596C00A70B47 /* GoogleService-Info.plist in Resources */ = {isa = PBXBuildFile; fileRef = DF0346A02C0D596C00A70B47 /* GoogleService-Info.plist */; };
		DF0346A32C0D596C00A70B47 /* Assets.xcassets in Resources */ = {isa = PBXBuildFile; fileRef = DF0346A12C0D596C00A70B47 /* Assets.xcassets */; };
		DF0346A52C0D6CF100A70B47 /* SelectedChatPartnerScreen.swift in Sources */ = {isa = PBXBuildFile; fileRef = DF0346A42C0D6CF100A70B47 /* SelectedChatPartnerScreen.swift */; };
		DF4FCB662C0FE8A6008883AE /* MessageItems+Types.swift in Sources */ = {isa = PBXBuildFile; fileRef = DF4FCB652C0FE8A6008883AE /* MessageItems+Types.swift */; };
		DF7A9D672C129DB90058510D /* ChatRoomViewModel.swift in Sources */ = {isa = PBXBuildFile; fileRef = DF7A9D662C129DB90058510D /* ChatRoomViewModel.swift */; };
		DF7A9D692C12A68E0058510D /* MessageService.swift in Sources */ = {isa = PBXBuildFile; fileRef = DF7A9D682C12A68E0058510D /* MessageService.swift */; };
		DF8583A22C0D7B4C0052B6A2 /* NewGroupSetUpScreen.swift in Sources */ = {isa = PBXBuildFile; fileRef = DF8583A12C0D7B4C0052B6A2 /* NewGroupSetUpScreen.swift */; };
		DF8583A52C0DB8360052B6A2 /* UserService.swift in Sources */ = {isa = PBXBuildFile; fileRef = DF8583A42C0DB8360052B6A2 /* UserService.swift */; };
		DF8583AA2C0EEF390052B6A2 /* ChannelItem.swift in Sources */ = {isa = PBXBuildFile; fileRef = DF8583A92C0EEF390052B6A2 /* ChannelItem.swift */; };
		DF8583AC2C0EF3EE0052B6A2 /* ChannelTabViewModel.swift in Sources */ = {isa = PBXBuildFile; fileRef = DF8583AB2C0EF3EE0052B6A2 /* ChannelTabViewModel.swift */; };
		DF8583AF2C0F03130052B6A2 /* String+Extensions.swift in Sources */ = {isa = PBXBuildFile; fileRef = DF8583AE2C0F03130052B6A2 /* String+Extensions.swift */; };
/* End PBXBuildFile section */

/* Begin PBXFileReference section */
		A30F608D2C22B3E100A4D4CB /* ChannelCreationTextView.swift */ = {isa = PBXFileReference; lastKnownFileType = sourcecode.swift; path = ChannelCreationTextView.swift; sourceTree = "<group>"; };
		A30F608F2C22B72100A4D4CB /* AdminMessageTextView.swift */ = {isa = PBXFileReference; lastKnownFileType = sourcecode.swift; path = AdminMessageTextView.swift; sourceTree = "<group>"; };
		A30F60952C22D31900A4D4CB /* CircularProfileImageView.swift */ = {isa = PBXFileReference; lastKnownFileType = sourcecode.swift; path = CircularProfileImageView.swift; sourceTree = "<group>"; };
		A30F60972C23157600A4D4CB /* Date+Extensions.swift */ = {isa = PBXFileReference; lastKnownFileType = sourcecode.swift; path = "Date+Extensions.swift"; sourceTree = "<group>"; };
		A330E1062C2D0536007095AD /* TimeInterval+Extensions.swift */ = {isa = PBXFileReference; lastKnownFileType = sourcecode.swift; path = "TimeInterval+Extensions.swift"; sourceTree = "<group>"; };
		A3CB2A0A2C32C1DD00AB23EC /* UIApplication+Extensions.swift */ = {isa = PBXFileReference; lastKnownFileType = sourcecode.swift; path = "UIApplication+Extensions.swift"; sourceTree = "<group>"; };
		A3CB2A0C2C32C67600AB23EC /* UIWindowScene+Extensions.swift */ = {isa = PBXFileReference; lastKnownFileType = sourcecode.swift; path = "UIWindowScene+Extensions.swift"; sourceTree = "<group>"; };
		A3CB2A0E2C3385E200AB23EC /* .sourcery.yml */ = {isa = PBXFileReference; lastKnownFileType = text.yaml; path = .sourcery.yml; sourceTree = "<group>"; };
		A3CB2A112C3386F100AB23EC /* Documentation.stencil */ = {isa = PBXFileReference; lastKnownFileType = text; path = Documentation.stencil; sourceTree = "<group>"; };
		A3CB2A182C3527A100AB23EC /* VoiceMessagePlayer.swift */ = {isa = PBXFileReference; lastKnownFileType = sourcecode.swift; path = VoiceMessagePlayer.swift; sourceTree = "<group>"; };
		A3D57BA82C290D190079822D /* MediaAttachmentPreview.swift */ = {isa = PBXFileReference; lastKnownFileType = sourcecode.swift; path = MediaAttachmentPreview.swift; sourceTree = "<group>"; };
		A3D57BAC2C2A47910079822D /* PhotosPickerItem+Extensions.swift */ = {isa = PBXFileReference; lastKnownFileType = sourcecode.swift; path = "PhotosPickerItem+Extensions.swift"; sourceTree = "<group>"; };
		A3D57BAE2C2A4AC70079822D /* MediaPickerItem+Types.swift */ = {isa = PBXFileReference; lastKnownFileType = sourcecode.swift; path = "MediaPickerItem+Types.swift"; sourceTree = "<group>"; };
		A3D57BB02C2A57160079822D /* URL+Extension.swift */ = {isa = PBXFileReference; lastKnownFileType = sourcecode.swift; path = "URL+Extension.swift"; sourceTree = "<group>"; };
		A3D57BB22C2AA0BD0079822D /* mediaPlayerView.swift */ = {isa = PBXFileReference; lastKnownFileType = sourcecode.swift; path = mediaPlayerView.swift; sourceTree = "<group>"; };
		A3D57BB42C2BA3020079822D /* commit 38.md */ = {isa = PBXFileReference; lastKnownFileType = net.daringfireball.markdown; path = "commit 38.md"; sourceTree = "<group>"; };
		A3D57BB62C2C01A00079822D /* VoiceRecorderService.swift */ = {isa = PBXFileReference; lastKnownFileType = sourcecode.swift; path = VoiceRecorderService.swift; sourceTree = "<group>"; };
		A3D57BB82C2C275F0079822D /* Info.plist */ = {isa = PBXFileReference; lastKnownFileType = text.plist; path = Info.plist; sourceTree = "<group>"; };
		A3D57BB92C2CE5AB0079822D /* FirebaseHelper.swift */ = {isa = PBXFileReference; lastKnownFileType = sourcecode.swift; path = FirebaseHelper.swift; sourceTree = "<group>"; };
		A3E0B0FC2C24315200E4246D /* Episode-36-Fetching channel members in ChatRoom.md */ = {isa = PBXFileReference; lastKnownFileType = net.daringfireball.markdown; path = "Episode-36-Fetching channel members in ChatRoom.md"; sourceTree = "<group>"; };
		DF03461B2C0D583F00A70B47 /* CloneChat.app */ = {isa = PBXFileReference; explicitFileType = wrapper.application; includeInIndex = 0; path = CloneChat.app; sourceTree = BUILT_PRODUCTS_DIR; };
		DF03461E2C0D583F00A70B47 /* WhatsApp.swift */ = {isa = PBXFileReference; lastKnownFileType = sourcecode.swift; path = WhatsApp.swift; sourceTree = "<group>"; };
		DF0346252C0D584100A70B47 /* Preview Assets.xcassets */ = {isa = PBXFileReference; lastKnownFileType = folder.assetcatalog; path = "Preview Assets.xcassets"; sourceTree = "<group>"; };
		DF0346422C0D592C00A70B47 /* FirebaseConstants.swift */ = {isa = PBXFileReference; fileEncoding = 4; lastKnownFileType = sourcecode.swift; path = FirebaseConstants.swift; sourceTree = "<group>"; };
		DF0346452C0D593900A70B47 /* CustomModifiers.swift */ = {isa = PBXFileReference; fileEncoding = 4; lastKnownFileType = sourcecode.swift; path = CustomModifiers.swift; sourceTree = "<group>"; };
		DF03464A2C0D594000A70B47 /* MessageListController.swift */ = {isa = PBXFileReference; fileEncoding = 4; lastKnownFileType = sourcecode.swift; path = MessageListController.swift; sourceTree = "<group>"; };
		DF03464B2C0D594000A70B47 /* MessageListView.swift */ = {isa = PBXFileReference; fileEncoding = 4; lastKnownFileType = sourcecode.swift; path = MessageListView.swift; sourceTree = "<group>"; };
		DF03464D2C0D594000A70B47 /* BubbleTextView.swift */ = {isa = PBXFileReference; fileEncoding = 4; lastKnownFileType = sourcecode.swift; path = BubbleTextView.swift; sourceTree = "<group>"; };
		DF03464E2C0D594000A70B47 /* BubbleAudioView.swift */ = {isa = PBXFileReference; fileEncoding = 4; lastKnownFileType = sourcecode.swift; path = BubbleAudioView.swift; sourceTree = "<group>"; };
		DF03464F2C0D594000A70B47 /* BubbleImageView.swift */ = {isa = PBXFileReference; fileEncoding = 4; lastKnownFileType = sourcecode.swift; path = BubbleImageView.swift; sourceTree = "<group>"; };
		DF0346502C0D594000A70B47 /* BubbleTailView.swift */ = {isa = PBXFileReference; fileEncoding = 4; lastKnownFileType = sourcecode.swift; path = BubbleTailView.swift; sourceTree = "<group>"; };
		DF0346512C0D594000A70B47 /* ChatRoomScreen.swift */ = {isa = PBXFileReference; fileEncoding = 4; lastKnownFileType = sourcecode.swift; path = ChatRoomScreen.swift; sourceTree = "<group>"; };
		DF0346522C0D594000A70B47 /* TextInputArea.swift */ = {isa = PBXFileReference; fileEncoding = 4; lastKnownFileType = sourcecode.swift; path = TextInputArea.swift; sourceTree = "<group>"; };
		DF0346542C0D594000A70B47 /* MessageItem.swift */ = {isa = PBXFileReference; fileEncoding = 4; lastKnownFileType = sourcecode.swift; path = MessageItem.swift; sourceTree = "<group>"; };
		DF0346572C0D594000A70B47 /* CommunityTabScreen.swift */ = {isa = PBXFileReference; fileEncoding = 4; lastKnownFileType = sourcecode.swift; path = CommunityTabScreen.swift; sourceTree = "<group>"; };
		DF03465A2C0D594000A70B47 /* CallsTabScreen.swift */ = {isa = PBXFileReference; fileEncoding = 4; lastKnownFileType = sourcecode.swift; path = CallsTabScreen.swift; sourceTree = "<group>"; };
		DF03465D2C0D594000A70B47 /* UpdataTabScreen.swift */ = {isa = PBXFileReference; fileEncoding = 4; lastKnownFileType = sourcecode.swift; path = UpdataTabScreen.swift; sourceTree = "<group>"; };
		DF0346602C0D594000A70B47 /* SettingsTabScreen.swift */ = {isa = PBXFileReference; fileEncoding = 4; lastKnownFileType = sourcecode.swift; path = SettingsTabScreen.swift; sourceTree = "<group>"; };
		DF0346612C0D594000A70B47 /* SettingsItemView.swift */ = {isa = PBXFileReference; fileEncoding = 4; lastKnownFileType = sourcecode.swift; path = SettingsItemView.swift; sourceTree = "<group>"; };
		DF0346632C0D594000A70B47 /* SettingsItem.swift */ = {isa = PBXFileReference; fileEncoding = 4; lastKnownFileType = sourcecode.swift; path = SettingsItem.swift; sourceTree = "<group>"; };
		DF0346662C0D594000A70B47 /* SignUpScreen.swift */ = {isa = PBXFileReference; fileEncoding = 4; lastKnownFileType = sourcecode.swift; path = SignUpScreen.swift; sourceTree = "<group>"; };
		DF0346672C0D594000A70B47 /* AuthTextField.swift */ = {isa = PBXFileReference; fileEncoding = 4; lastKnownFileType = sourcecode.swift; path = AuthTextField.swift; sourceTree = "<group>"; };
		DF0346682C0D594000A70B47 /* AuthHeaderView.swift */ = {isa = PBXFileReference; fileEncoding = 4; lastKnownFileType = sourcecode.swift; path = AuthHeaderView.swift; sourceTree = "<group>"; };
		DF0346692C0D594000A70B47 /* LoginScreen.swift */ = {isa = PBXFileReference; fileEncoding = 4; lastKnownFileType = sourcecode.swift; path = LoginScreen.swift; sourceTree = "<group>"; };
		DF03466A2C0D594000A70B47 /* AuthButton.swift */ = {isa = PBXFileReference; fileEncoding = 4; lastKnownFileType = sourcecode.swift; path = AuthButton.swift; sourceTree = "<group>"; };
		DF03466C2C0D594000A70B47 /* AuthProvider.swift */ = {isa = PBXFileReference; fileEncoding = 4; lastKnownFileType = sourcecode.swift; path = AuthProvider.swift; sourceTree = "<group>"; };
		DF03466E2C0D594000A70B47 /* AuthScreenModel.swift */ = {isa = PBXFileReference; fileEncoding = 4; lastKnownFileType = sourcecode.swift; path = AuthScreenModel.swift; sourceTree = "<group>"; };
		DF0346702C0D594000A70B47 /* UserItem.swift */ = {isa = PBXFileReference; fileEncoding = 4; lastKnownFileType = sourcecode.swift; path = UserItem.swift; sourceTree = "<group>"; };
		DF0346732C0D594000A70B47 /* RootScreen.swift */ = {isa = PBXFileReference; fileEncoding = 4; lastKnownFileType = sourcecode.swift; path = RootScreen.swift; sourceTree = "<group>"; };
		DF0346752C0D594000A70B47 /* RootScreenModel.swift */ = {isa = PBXFileReference; fileEncoding = 4; lastKnownFileType = sourcecode.swift; path = RootScreenModel.swift; sourceTree = "<group>"; };
		DF0346782C0D594000A70B47 /* ChannelItemView.swift */ = {isa = PBXFileReference; fileEncoding = 4; lastKnownFileType = sourcecode.swift; path = ChannelItemView.swift; sourceTree = "<group>"; };
		DF0346792C0D594000A70B47 /* ChannelTabScreen.swift */ = {isa = PBXFileReference; fileEncoding = 4; lastKnownFileType = sourcecode.swift; path = ChannelTabScreen.swift; sourceTree = "<group>"; };
		DF03467A2C0D594000A70B47 /* ChatPartnerRowView.swift */ = {isa = PBXFileReference; fileEncoding = 4; lastKnownFileType = sourcecode.swift; path = ChatPartnerRowView.swift; sourceTree = "<group>"; };
		DF03467B2C0D594000A70B47 /* ChatPartnerPickerScreen.swift */ = {isa = PBXFileReference; fileEncoding = 4; lastKnownFileType = sourcecode.swift; path = ChatPartnerPickerScreen.swift; sourceTree = "<group>"; };
		DF03467C2C0D594000A70B47 /* GroupChatPartnersScreen.swift */ = {isa = PBXFileReference; fileEncoding = 4; lastKnownFileType = sourcecode.swift; path = GroupChatPartnersScreen.swift; sourceTree = "<group>"; };
		DF03467E2C0D594000A70B47 /* ChatPartnerPickerViewModel.swift */ = {isa = PBXFileReference; fileEncoding = 4; lastKnownFileType = sourcecode.swift; path = ChatPartnerPickerViewModel.swift; sourceTree = "<group>"; };
		DF03469E2C0D595600A70B47 /* MainTabView.swift */ = {isa = PBXFileReference; fileEncoding = 4; lastKnownFileType = sourcecode.swift; path = MainTabView.swift; sourceTree = "<group>"; };
		DF0346A02C0D596C00A70B47 /* GoogleService-Info.plist */ = {isa = PBXFileReference; fileEncoding = 4; lastKnownFileType = text.plist.xml; path = "GoogleService-Info.plist"; sourceTree = "<group>"; };
		DF0346A12C0D596C00A70B47 /* Assets.xcassets */ = {isa = PBXFileReference; lastKnownFileType = folder.assetcatalog; path = Assets.xcassets; sourceTree = "<group>"; };
		DF0346A42C0D6CF100A70B47 /* SelectedChatPartnerScreen.swift */ = {isa = PBXFileReference; lastKnownFileType = sourcecode.swift; path = SelectedChatPartnerScreen.swift; sourceTree = "<group>"; };
		DF4FCB652C0FE8A6008883AE /* MessageItems+Types.swift */ = {isa = PBXFileReference; lastKnownFileType = sourcecode.swift; path = "MessageItems+Types.swift"; sourceTree = "<group>"; };
		DF7A9D662C129DB90058510D /* ChatRoomViewModel.swift */ = {isa = PBXFileReference; lastKnownFileType = sourcecode.swift; path = ChatRoomViewModel.swift; sourceTree = "<group>"; };
		DF7A9D682C12A68E0058510D /* MessageService.swift */ = {isa = PBXFileReference; lastKnownFileType = sourcecode.swift; path = MessageService.swift; sourceTree = "<group>"; };
		DF8583A12C0D7B4C0052B6A2 /* NewGroupSetUpScreen.swift */ = {isa = PBXFileReference; lastKnownFileType = sourcecode.swift; path = NewGroupSetUpScreen.swift; sourceTree = "<group>"; };
		DF8583A42C0DB8360052B6A2 /* UserService.swift */ = {isa = PBXFileReference; lastKnownFileType = sourcecode.swift; path = UserService.swift; sourceTree = "<group>"; };
		DF8583A72C0EEE6B0052B6A2 /* DatabaseDesignPrinciple.md */ = {isa = PBXFileReference; lastKnownFileType = net.daringfireball.markdown; path = DatabaseDesignPrinciple.md; sourceTree = "<group>"; };
		DF8583A92C0EEF390052B6A2 /* ChannelItem.swift */ = {isa = PBXFileReference; lastKnownFileType = sourcecode.swift; path = ChannelItem.swift; sourceTree = "<group>"; };
		DF8583AB2C0EF3EE0052B6A2 /* ChannelTabViewModel.swift */ = {isa = PBXFileReference; lastKnownFileType = sourcecode.swift; path = ChannelTabViewModel.swift; sourceTree = "<group>"; };
		DF8583AE2C0F03130052B6A2 /* String+Extensions.swift */ = {isa = PBXFileReference; lastKnownFileType = sourcecode.swift; path = "String+Extensions.swift"; sourceTree = "<group>"; };
/* End PBXFileReference section */

/* Begin PBXFrameworksBuildPhase section */
		DF0346182C0D583F00A70B47 /* Frameworks */ = {
			isa = PBXFrameworksBuildPhase;
			buildActionMask = 2147483647;
			files = (
				A30F60822C2265F500A4D4CB /* FirebaseDatabaseSwift in Frameworks */,
				A30F60802C2265F500A4D4CB /* FirebaseDatabase in Frameworks */,
				A30F607C2C2265F500A4D4CB /* FirebaseAuth in Frameworks */,
				A30F60882C2265F500A4D4CB /* FirebaseFirestoreSwift in Frameworks */,
				A30F60932C22C65500A4D4CB /* Kingfisher in Frameworks */,
				A30F60862C2265F500A4D4CB /* FirebaseFirestoreCombine-Community in Frameworks */,
				A30F608A2C2265F500A4D4CB /* FirebaseStorage in Frameworks */,
				A30F60842C2265F500A4D4CB /* FirebaseFirestore in Frameworks */,
				A30F608C2C2265F500A4D4CB /* FirebaseStorageCombine-Community in Frameworks */,
				A30F607E2C2265F500A4D4CB /* FirebaseAuthCombine-Community in Frameworks */,
			);
			runOnlyForDeploymentPostprocessing = 0;
		};
/* End PBXFrameworksBuildPhase section */

/* Begin PBXGroup section */
		A30F60942C22D2E400A4D4CB /* Components */ = {
			isa = PBXGroup;
			children = (
				A30F60952C22D31900A4D4CB /* CircularProfileImageView.swift */,
				A3D57BB22C2AA0BD0079822D /* mediaPlayerView.swift */,
			);
			path = Components;
			sourceTree = "<group>";
		};
		A3CB2A102C3386D700AB23EC /* Template */ = {
			isa = PBXGroup;
			children = (
				A3CB2A112C3386F100AB23EC /* Documentation.stencil */,
			);
			path = Template;
			sourceTree = "<group>";
		};
		DF0346122C0D583F00A70B47 = {
			isa = PBXGroup;
			children = (
				DF03461D2C0D583F00A70B47 /* CloneChat */,
				DF03461C2C0D583F00A70B47 /* Products */,
			);
			sourceTree = "<group>";
		};
		DF03461C2C0D583F00A70B47 /* Products */ = {
			isa = PBXGroup;
			children = (
				DF03461B2C0D583F00A70B47 /* CloneChat.app */,
			);
			name = Products;
			sourceTree = "<group>";
		};
		DF03461D2C0D583F00A70B47 /* CloneChat */ = {
			isa = PBXGroup;
			children = (
				A3CB2A102C3386D700AB23EC /* Template */,
				A3D57BB82C2C275F0079822D /* Info.plist */,
				A30F60942C22D2E400A4D4CB /* Components */,
				DF8583AD2C0F02EC0052B6A2 /* Extensions */,
				DF0346412C0D592C00A70B47 /* Utils */,
				DF0346442C0D593900A70B47 /* Helpers */,
				DF8583A32C0DB8200052B6A2 /* Service */,
				DF0346472C0D594000A70B47 /* Screens */,
				DF03461E2C0D583F00A70B47 /* WhatsApp.swift */,
				DF03469E2C0D595600A70B47 /* MainTabView.swift */,
				DF0346A12C0D596C00A70B47 /* Assets.xcassets */,
				DF0346A02C0D596C00A70B47 /* GoogleService-Info.plist */,
				A3E0B0FC2C24315200E4246D /* Episode-36-Fetching channel members in ChatRoom.md */,
				A3D57BB42C2BA3020079822D /* commit 38.md */,
				DF8583A72C0EEE6B0052B6A2 /* DatabaseDesignPrinciple.md */,
				DF0346242C0D584100A70B47 /* Preview Content */,
				A3CB2A0E2C3385E200AB23EC /* .sourcery.yml */,
			);
			path = CloneChat;
			sourceTree = "<group>";
		};
		DF0346242C0D584100A70B47 /* Preview Content */ = {
			isa = PBXGroup;
			children = (
				DF0346252C0D584100A70B47 /* Preview Assets.xcassets */,
			);
			path = "Preview Content";
			sourceTree = "<group>";
		};
		DF0346412C0D592C00A70B47 /* Utils */ = {
			isa = PBXGroup;
			children = (
				DF0346422C0D592C00A70B47 /* FirebaseConstants.swift */,
			);
			path = Utils;
			sourceTree = "<group>";
		};
		DF0346442C0D593900A70B47 /* Helpers */ = {
			isa = PBXGroup;
			children = (
				DF0346452C0D593900A70B47 /* CustomModifiers.swift */,
				A3D57BB92C2CE5AB0079822D /* FirebaseHelper.swift */,
			);
			path = Helpers;
			sourceTree = "<group>";
		};
		DF0346472C0D594000A70B47 /* Screens */ = {
			isa = PBXGroup;
			children = (
				DF0346552C0D594000A70B47 /* Community */,
				DF0346582C0D594000A70B47 /* Calls */,
				DF03465B2C0D594000A70B47 /* Updates */,
				DF03465E2C0D594000A70B47 /* Settings */,
				DF0346642C0D594000A70B47 /* Auth */,
				DF0346712C0D594000A70B47 /* Root */,
				DF0346482C0D594000A70B47 /* Chat */,
				DF0346762C0D594000A70B47 /* Channel */,
			);
			path = Screens;
			sourceTree = "<group>";
		};
		DF0346482C0D594000A70B47 /* Chat */ = {
			isa = PBXGroup;
			children = (
				DF0346532C0D594000A70B47 /* Model */,
				DF7A9D652C129D840058510D /* ViewModel */,
				DF0346492C0D594000A70B47 /* View */,
			);
			path = Chat;
			sourceTree = "<group>";
		};
		DF0346492C0D594000A70B47 /* View */ = {
			isa = PBXGroup;
			children = (
				DF0346522C0D594000A70B47 /* TextInputArea.swift */,
				DF0346512C0D594000A70B47 /* ChatRoomScreen.swift */,
				DF03464B2C0D594000A70B47 /* MessageListView.swift */,
				DF03464A2C0D594000A70B47 /* MessageListController.swift */,
				A30F608D2C22B3E100A4D4CB /* ChannelCreationTextView.swift */,
				A30F608F2C22B72100A4D4CB /* AdminMessageTextView.swift */,
				A3D57BA82C290D190079822D /* MediaAttachmentPreview.swift */,
				DF03464C2C0D594000A70B47 /* Bubble */,
			);
			path = View;
			sourceTree = "<group>";
		};
		DF03464C2C0D594000A70B47 /* Bubble */ = {
			isa = PBXGroup;
			children = (
				DF03464D2C0D594000A70B47 /* BubbleTextView.swift */,
				DF03464E2C0D594000A70B47 /* BubbleAudioView.swift */,
				DF03464F2C0D594000A70B47 /* BubbleImageView.swift */,
				DF0346502C0D594000A70B47 /* BubbleTailView.swift */,
			);
			path = Bubble;
			sourceTree = "<group>";
		};
		DF0346532C0D594000A70B47 /* Model */ = {
			isa = PBXGroup;
			children = (
				DF0346542C0D594000A70B47 /* MessageItem.swift */,
				DF4FCB652C0FE8A6008883AE /* MessageItems+Types.swift */,
				A3D57BAE2C2A4AC70079822D /* MediaPickerItem+Types.swift */,
			);
			path = Model;
			sourceTree = "<group>";
		};
		DF0346552C0D594000A70B47 /* Community */ = {
			isa = PBXGroup;
			children = (
				DF0346562C0D594000A70B47 /* View */,
			);
			path = Community;
			sourceTree = "<group>";
		};
		DF0346562C0D594000A70B47 /* View */ = {
			isa = PBXGroup;
			children = (
				DF0346572C0D594000A70B47 /* CommunityTabScreen.swift */,
			);
			path = View;
			sourceTree = "<group>";
		};
		DF0346582C0D594000A70B47 /* Calls */ = {
			isa = PBXGroup;
			children = (
				DF0346592C0D594000A70B47 /* View */,
			);
			path = Calls;
			sourceTree = "<group>";
		};
		DF0346592C0D594000A70B47 /* View */ = {
			isa = PBXGroup;
			children = (
				DF03465A2C0D594000A70B47 /* CallsTabScreen.swift */,
			);
			path = View;
			sourceTree = "<group>";
		};
		DF03465B2C0D594000A70B47 /* Updates */ = {
			isa = PBXGroup;
			children = (
				DF03465C2C0D594000A70B47 /* View */,
			);
			path = Updates;
			sourceTree = "<group>";
		};
		DF03465C2C0D594000A70B47 /* View */ = {
			isa = PBXGroup;
			children = (
				DF03465D2C0D594000A70B47 /* UpdataTabScreen.swift */,
			);
			path = View;
			sourceTree = "<group>";
		};
		DF03465E2C0D594000A70B47 /* Settings */ = {
			isa = PBXGroup;
			children = (
				DF03465F2C0D594000A70B47 /* View */,
				DF0346622C0D594000A70B47 /* Model */,
			);
			path = Settings;
			sourceTree = "<group>";
		};
		DF03465F2C0D594000A70B47 /* View */ = {
			isa = PBXGroup;
			children = (
				DF0346602C0D594000A70B47 /* SettingsTabScreen.swift */,
				DF0346612C0D594000A70B47 /* SettingsItemView.swift */,
			);
			path = View;
			sourceTree = "<group>";
		};
		DF0346622C0D594000A70B47 /* Model */ = {
			isa = PBXGroup;
			children = (
				DF0346632C0D594000A70B47 /* SettingsItem.swift */,
			);
			path = Model;
			sourceTree = "<group>";
		};
		DF0346642C0D594000A70B47 /* Auth */ = {
			isa = PBXGroup;
			children = (
				DF0346652C0D594000A70B47 /* View */,
				DF03466B2C0D594000A70B47 /* Services */,
				DF03466D2C0D594000A70B47 /* ViewModel */,
				DF03466F2C0D594000A70B47 /* Model */,
			);
			path = Auth;
			sourceTree = "<group>";
		};
		DF0346652C0D594000A70B47 /* View */ = {
			isa = PBXGroup;
			children = (
				DF0346662C0D594000A70B47 /* SignUpScreen.swift */,
				DF0346672C0D594000A70B47 /* AuthTextField.swift */,
				DF0346682C0D594000A70B47 /* AuthHeaderView.swift */,
				DF0346692C0D594000A70B47 /* LoginScreen.swift */,
				DF03466A2C0D594000A70B47 /* AuthButton.swift */,
			);
			path = View;
			sourceTree = "<group>";
		};
		DF03466B2C0D594000A70B47 /* Services */ = {
			isa = PBXGroup;
			children = (
				DF03466C2C0D594000A70B47 /* AuthProvider.swift */,
			);
			path = Services;
			sourceTree = "<group>";
		};
		DF03466D2C0D594000A70B47 /* ViewModel */ = {
			isa = PBXGroup;
			children = (
				DF03466E2C0D594000A70B47 /* AuthScreenModel.swift */,
			);
			path = ViewModel;
			sourceTree = "<group>";
		};
		DF03466F2C0D594000A70B47 /* Model */ = {
			isa = PBXGroup;
			children = (
				DF0346702C0D594000A70B47 /* UserItem.swift */,
			);
			path = Model;
			sourceTree = "<group>";
		};
		DF0346712C0D594000A70B47 /* Root */ = {
			isa = PBXGroup;
			children = (
				DF0346722C0D594000A70B47 /* View */,
				DF0346742C0D594000A70B47 /* ViewModel */,
			);
			path = Root;
			sourceTree = "<group>";
		};
		DF0346722C0D594000A70B47 /* View */ = {
			isa = PBXGroup;
			children = (
				DF0346732C0D594000A70B47 /* RootScreen.swift */,
			);
			path = View;
			sourceTree = "<group>";
		};
		DF0346742C0D594000A70B47 /* ViewModel */ = {
			isa = PBXGroup;
			children = (
				DF0346752C0D594000A70B47 /* RootScreenModel.swift */,
			);
			path = ViewModel;
			sourceTree = "<group>";
		};
		DF0346762C0D594000A70B47 /* Channel */ = {
			isa = PBXGroup;
			children = (
				DF8583A82C0EEF220052B6A2 /* Models */,
				DF03467D2C0D594000A70B47 /* ViewModel */,
				DF0346772C0D594000A70B47 /* View */,
			);
			path = Channel;
			sourceTree = "<group>";
		};
		DF0346772C0D594000A70B47 /* View */ = {
			isa = PBXGroup;
			children = (
				DF0346782C0D594000A70B47 /* ChannelItemView.swift */,
				DF03467A2C0D594000A70B47 /* ChatPartnerRowView.swift */,
				DF0346792C0D594000A70B47 /* ChannelTabScreen.swift */,
				DF8583A12C0D7B4C0052B6A2 /* NewGroupSetUpScreen.swift */,
				DF03467B2C0D594000A70B47 /* ChatPartnerPickerScreen.swift */,
				DF03467C2C0D594000A70B47 /* GroupChatPartnersScreen.swift */,
				DF0346A42C0D6CF100A70B47 /* SelectedChatPartnerScreen.swift */,
			);
			path = View;
			sourceTree = "<group>";
		};
		DF03467D2C0D594000A70B47 /* ViewModel */ = {
			isa = PBXGroup;
			children = (
				DF03467E2C0D594000A70B47 /* ChatPartnerPickerViewModel.swift */,
				DF8583AB2C0EF3EE0052B6A2 /* ChannelTabViewModel.swift */,
			);
			path = ViewModel;
			sourceTree = "<group>";
		};
		DF7A9D652C129D840058510D /* ViewModel */ = {
			isa = PBXGroup;
			children = (
				DF7A9D662C129DB90058510D /* ChatRoomViewModel.swift */,
				A3CB2A182C3527A100AB23EC /* VoiceMessagePlayer.swift */,
			);
			path = ViewModel;
			sourceTree = "<group>";
		};
		DF8583A32C0DB8200052B6A2 /* Service */ = {
			isa = PBXGroup;
			children = (
				DF8583A42C0DB8360052B6A2 /* UserService.swift */,
				DF7A9D682C12A68E0058510D /* MessageService.swift */,
				A3D57BB62C2C01A00079822D /* VoiceRecorderService.swift */,
			);
			path = Service;
			sourceTree = "<group>";
		};
		DF8583A82C0EEF220052B6A2 /* Models */ = {
			isa = PBXGroup;
			children = (
				DF8583A92C0EEF390052B6A2 /* ChannelItem.swift */,
			);
			path = Models;
			sourceTree = "<group>";
		};
		DF8583AD2C0F02EC0052B6A2 /* Extensions */ = {
			isa = PBXGroup;
			children = (
				DF8583AE2C0F03130052B6A2 /* String+Extensions.swift */,
				A30F60972C23157600A4D4CB /* Date+Extensions.swift */,
				A3D57BAC2C2A47910079822D /* PhotosPickerItem+Extensions.swift */,
				A3D57BB02C2A57160079822D /* URL+Extension.swift */,
				A330E1062C2D0536007095AD /* TimeInterval+Extensions.swift */,
				A3CB2A0A2C32C1DD00AB23EC /* UIApplication+Extensions.swift */,
				A3CB2A0C2C32C67600AB23EC /* UIWindowScene+Extensions.swift */,
			);
			path = Extensions;
			sourceTree = "<group>";
		};
/* End PBXGroup section */

/* Begin PBXNativeTarget section */
		DF03461A2C0D583F00A70B47 /* CloneChat */ = {
			isa = PBXNativeTarget;
			buildConfigurationList = DF0346292C0D584100A70B47 /* Build configuration list for PBXNativeTarget "CloneChat" */;
			buildPhases = (
				DF0346172C0D583F00A70B47 /* Sources */,
				DF0346182C0D583F00A70B47 /* Frameworks */,
				DF0346192C0D583F00A70B47 /* Resources */,
			);
			buildRules = (
			);
			dependencies = (
			);
			name = CloneChat;
			packageProductDependencies = (
				A30F607B2C2265F500A4D4CB /* FirebaseAuth */,
				A30F607D2C2265F500A4D4CB /* FirebaseAuthCombine-Community */,
				A30F607F2C2265F500A4D4CB /* FirebaseDatabase */,
				A30F60812C2265F500A4D4CB /* FirebaseDatabaseSwift */,
				A30F60832C2265F500A4D4CB /* FirebaseFirestore */,
				A30F60852C2265F500A4D4CB /* FirebaseFirestoreCombine-Community */,
				A30F60872C2265F500A4D4CB /* FirebaseFirestoreSwift */,
				A30F60892C2265F500A4D4CB /* FirebaseStorage */,
				A30F608B2C2265F500A4D4CB /* FirebaseStorageCombine-Community */,
				A30F60922C22C65500A4D4CB /* Kingfisher */,
			);
			productName = CloneChat;
			productReference = DF03461B2C0D583F00A70B47 /* CloneChat.app */;
			productType = "com.apple.product-type.application";
		};
/* End PBXNativeTarget section */

/* Begin PBXProject section */
		DF0346132C0D583F00A70B47 /* Project object */ = {
			isa = PBXProject;
			attributes = {
				BuildIndependentTargetsInParallel = 1;
				LastSwiftUpdateCheck = 1520;
				LastUpgradeCheck = 1520;
				TargetAttributes = {
					DF03461A2C0D583F00A70B47 = {
						CreatedOnToolsVersion = 15.2;
					};
				};
			};
			buildConfigurationList = DF0346162C0D583F00A70B47 /* Build configuration list for PBXProject "CloneChat" */;
			compatibilityVersion = "Xcode 14.0";
			developmentRegion = en;
			hasScannedForEncodings = 0;
			knownRegions = (
				en,
				Base,
			);
			mainGroup = DF0346122C0D583F00A70B47;
			packageReferences = (
				DF03462C2C0D58E800A70B47 /* XCRemoteSwiftPackageReference "firebase-ios-sdk" */,
				A30F60912C22C65500A4D4CB /* XCRemoteSwiftPackageReference "Kingfisher" */,
			);
			productRefGroup = DF03461C2C0D583F00A70B47 /* Products */;
			projectDirPath = "";
			projectRoot = "";
			targets = (
				DF03461A2C0D583F00A70B47 /* CloneChat */,
			);
		};
/* End PBXProject section */

/* Begin PBXResourcesBuildPhase section */
		DF0346192C0D583F00A70B47 /* Resources */ = {
			isa = PBXResourcesBuildPhase;
			buildActionMask = 2147483647;
			files = (
				DF0346262C0D584100A70B47 /* Preview Assets.xcassets in Resources */,
				A3CB2A0F2C3385E200AB23EC /* .sourcery.yml in Resources */,
				A3CB2A122C3386F100AB23EC /* Documentation.stencil in Resources */,
				DF0346A32C0D596C00A70B47 /* Assets.xcassets in Resources */,
				A3E0B0FD2C24315200E4246D /* Episode-36-Fetching channel members in ChatRoom.md in Resources */,
				DF0346A22C0D596C00A70B47 /* GoogleService-Info.plist in Resources */,
				A3D57BB52C2BA3020079822D /* commit 38.md in Resources */,
			);
			runOnlyForDeploymentPostprocessing = 0;
		};
/* End PBXResourcesBuildPhase section */

/* Begin PBXSourcesBuildPhase section */
		DF0346172C0D583F00A70B47 /* Sources */ = {
			isa = PBXSourcesBuildPhase;
			buildActionMask = 2147483647;
			files = (
				A3D57BB32C2AA0BD0079822D /* mediaPlayerView.swift in Sources */,
				DF0346842C0D594000A70B47 /* BubbleTailView.swift in Sources */,
				DF8583A22C0D7B4C0052B6A2 /* NewGroupSetUpScreen.swift in Sources */,
				DF0346942C0D594000A70B47 /* AuthScreenModel.swift in Sources */,
				A30F60962C22D31900A4D4CB /* CircularProfileImageView.swift in Sources */,
				DF03469A2C0D594000A70B47 /* ChatPartnerRowView.swift in Sources */,
				DF0346A52C0D6CF100A70B47 /* SelectedChatPartnerScreen.swift in Sources */,
				DF7A9D692C12A68E0058510D /* MessageService.swift in Sources */,
				DF0346972C0D594000A70B47 /* RootScreenModel.swift in Sources */,
				A3D57BBA2C2CE5AB0079822D /* FirebaseHelper.swift in Sources */,
				DF0346952C0D594000A70B47 /* UserItem.swift in Sources */,
				DF0346922C0D594000A70B47 /* AuthButton.swift in Sources */,
				DF8583AC2C0EF3EE0052B6A2 /* ChannelTabViewModel.swift in Sources */,
				A3CB2A0B2C32C1DD00AB23EC /* UIApplication+Extensions.swift in Sources */,
				DF0346812C0D594000A70B47 /* BubbleTextView.swift in Sources */,
				DF03468B2C0D594000A70B47 /* SettingsTabScreen.swift in Sources */,
				DF0346902C0D594000A70B47 /* AuthHeaderView.swift in Sources */,
				A30F60902C22B72100A4D4CB /* AdminMessageTextView.swift in Sources */,
				DF0346872C0D594000A70B47 /* MessageItem.swift in Sources */,
				DF0346892C0D594000A70B47 /* CallsTabScreen.swift in Sources */,
				DF8583AF2C0F03130052B6A2 /* String+Extensions.swift in Sources */,
				DF03469F2C0D595600A70B47 /* MainTabView.swift in Sources */,
				DF0346822C0D594000A70B47 /* BubbleAudioView.swift in Sources */,
				DF03468C2C0D594000A70B47 /* SettingsItemView.swift in Sources */,
				A3CB2A0D2C32C67600AB23EC /* UIWindowScene+Extensions.swift in Sources */,
				DF7A9D672C129DB90058510D /* ChatRoomViewModel.swift in Sources */,
				A3D57BA92C290D190079822D /* MediaAttachmentPreview.swift in Sources */,
				DF8583AA2C0EEF390052B6A2 /* ChannelItem.swift in Sources */,
				DF03469D2C0D594000A70B47 /* ChatPartnerPickerViewModel.swift in Sources */,
				A3D57BB12C2A57160079822D /* URL+Extension.swift in Sources */,
				DF0346962C0D594000A70B47 /* RootScreen.swift in Sources */,
				DF03467F2C0D594000A70B47 /* MessageListController.swift in Sources */,
				DF03468A2C0D594000A70B47 /* UpdataTabScreen.swift in Sources */,
				A330E1072C2D0537007095AD /* TimeInterval+Extensions.swift in Sources */,
				DF03468F2C0D594000A70B47 /* AuthTextField.swift in Sources */,
				A30F608E2C22B3E100A4D4CB /* ChannelCreationTextView.swift in Sources */,
				A3CB2A192C3527A100AB23EC /* VoiceMessagePlayer.swift in Sources */,
				DF0346932C0D594000A70B47 /* AuthProvider.swift in Sources */,
				DF0346862C0D594000A70B47 /* TextInputArea.swift in Sources */,
				DF03469B2C0D594000A70B47 /* ChatPartnerPickerScreen.swift in Sources */,
				DF0346992C0D594000A70B47 /* ChannelTabScreen.swift in Sources */,
				DF4FCB662C0FE8A6008883AE /* MessageItems+Types.swift in Sources */,
				DF0346832C0D594000A70B47 /* BubbleImageView.swift in Sources */,
				DF0346882C0D594000A70B47 /* CommunityTabScreen.swift in Sources */,
				DF0346852C0D594000A70B47 /* ChatRoomScreen.swift in Sources */,
				DF0346462C0D593900A70B47 /* CustomModifiers.swift in Sources */,
				DF03469C2C0D594000A70B47 /* GroupChatPartnersScreen.swift in Sources */,
				DF0346982C0D594000A70B47 /* ChannelItemView.swift in Sources */,
				DF03468E2C0D594000A70B47 /* SignUpScreen.swift in Sources */,
				A3D57BAF2C2A4AC70079822D /* MediaPickerItem+Types.swift in Sources */,
				A3D57BB72C2C01A10079822D /* VoiceRecorderService.swift in Sources */,
				A30F60982C23157600A4D4CB /* Date+Extensions.swift in Sources */,
				DF8583A52C0DB8360052B6A2 /* UserService.swift in Sources */,
				DF03461F2C0D583F00A70B47 /* WhatsApp.swift in Sources */,
				DF0346912C0D594000A70B47 /* LoginScreen.swift in Sources */,
				A3D57BAD2C2A47910079822D /* PhotosPickerItem+Extensions.swift in Sources */,
				DF03468D2C0D594000A70B47 /* SettingsItem.swift in Sources */,
				DF0346802C0D594000A70B47 /* MessageListView.swift in Sources */,
				DF0346432C0D592C00A70B47 /* FirebaseConstants.swift in Sources */,
			);
			runOnlyForDeploymentPostprocessing = 0;
		};
/* End PBXSourcesBuildPhase section */

/* Begin XCBuildConfiguration section */
		DF0346272C0D584100A70B47 /* Debug */ = {
			isa = XCBuildConfiguration;
			buildSettings = {
				ALWAYS_SEARCH_USER_PATHS = NO;
				ASSETCATALOG_COMPILER_GENERATE_SWIFT_ASSET_SYMBOL_EXTENSIONS = YES;
				CLANG_ANALYZER_NONNULL = YES;
				CLANG_ANALYZER_NUMBER_OBJECT_CONVERSION = YES_AGGRESSIVE;
				CLANG_CXX_LANGUAGE_STANDARD = "gnu++20";
				CLANG_ENABLE_MODULES = YES;
				CLANG_ENABLE_OBJC_ARC = YES;
				CLANG_ENABLE_OBJC_WEAK = YES;
				CLANG_WARN_BLOCK_CAPTURE_AUTORELEASING = YES;
				CLANG_WARN_BOOL_CONVERSION = YES;
				CLANG_WARN_COMMA = YES;
				CLANG_WARN_CONSTANT_CONVERSION = YES;
				CLANG_WARN_DEPRECATED_OBJC_IMPLEMENTATIONS = YES;
				CLANG_WARN_DIRECT_OBJC_ISA_USAGE = YES_ERROR;
				CLANG_WARN_DOCUMENTATION_COMMENTS = YES;
				CLANG_WARN_EMPTY_BODY = YES;
				CLANG_WARN_ENUM_CONVERSION = YES;
				CLANG_WARN_INFINITE_RECURSION = YES;
				CLANG_WARN_INT_CONVERSION = YES;
				CLANG_WARN_NON_LITERAL_NULL_CONVERSION = YES;
				CLANG_WARN_OBJC_IMPLICIT_RETAIN_SELF = YES;
				CLANG_WARN_OBJC_LITERAL_CONVERSION = YES;
				CLANG_WARN_OBJC_ROOT_CLASS = YES_ERROR;
				CLANG_WARN_QUOTED_INCLUDE_IN_FRAMEWORK_HEADER = YES;
				CLANG_WARN_RANGE_LOOP_ANALYSIS = YES;
				CLANG_WARN_STRICT_PROTOTYPES = YES;
				CLANG_WARN_SUSPICIOUS_MOVE = YES;
				CLANG_WARN_UNGUARDED_AVAILABILITY = YES_AGGRESSIVE;
				CLANG_WARN_UNREACHABLE_CODE = YES;
				CLANG_WARN__DUPLICATE_METHOD_MATCH = YES;
				COPY_PHASE_STRIP = YES;
				DEBUG_INFORMATION_FORMAT = dwarf;
				ENABLE_STRICT_OBJC_MSGSEND = YES;
				ENABLE_TESTABILITY = YES;
				ENABLE_USER_SCRIPT_SANDBOXING = YES;
				GCC_C_LANGUAGE_STANDARD = gnu17;
				GCC_DYNAMIC_NO_PIC = NO;
				GCC_NO_COMMON_BLOCKS = YES;
				GCC_OPTIMIZATION_LEVEL = 0;
				GCC_PREPROCESSOR_DEFINITIONS = (
					"DEBUG=1",
					"$(inherited)",
				);
				GCC_WARN_64_TO_32_BIT_CONVERSION = YES;
				GCC_WARN_ABOUT_RETURN_TYPE = YES_ERROR;
				GCC_WARN_UNDECLARED_SELECTOR = YES;
				GCC_WARN_UNINITIALIZED_AUTOS = YES_AGGRESSIVE;
				GCC_WARN_UNUSED_FUNCTION = YES;
				GCC_WARN_UNUSED_VARIABLE = YES;
				IPHONEOS_DEPLOYMENT_TARGET = 17.0;
				LOCALIZATION_PREFERS_STRING_CATALOGS = YES;
				MTL_ENABLE_DEBUG_INFO = INCLUDE_SOURCE;
				MTL_FAST_MATH = YES;
				ONLY_ACTIVE_ARCH = YES;
				SDKROOT = iphoneos;
				SWIFT_ACTIVE_COMPILATION_CONDITIONS = "DEBUG $(inherited)";
				SWIFT_OPTIMIZATION_LEVEL = "-Onone";
			};
			name = Debug;
		};
		DF0346282C0D584100A70B47 /* Release */ = {
			isa = XCBuildConfiguration;
			buildSettings = {
				ALWAYS_SEARCH_USER_PATHS = NO;
				ASSETCATALOG_COMPILER_GENERATE_SWIFT_ASSET_SYMBOL_EXTENSIONS = YES;
				CLANG_ANALYZER_NONNULL = YES;
				CLANG_ANALYZER_NUMBER_OBJECT_CONVERSION = YES_AGGRESSIVE;
				CLANG_CXX_LANGUAGE_STANDARD = "gnu++20";
				CLANG_ENABLE_MODULES = YES;
				CLANG_ENABLE_OBJC_ARC = YES;
				CLANG_ENABLE_OBJC_WEAK = YES;
				CLANG_WARN_BLOCK_CAPTURE_AUTORELEASING = YES;
				CLANG_WARN_BOOL_CONVERSION = YES;
				CLANG_WARN_COMMA = YES;
				CLANG_WARN_CONSTANT_CONVERSION = YES;
				CLANG_WARN_DEPRECATED_OBJC_IMPLEMENTATIONS = YES;
				CLANG_WARN_DIRECT_OBJC_ISA_USAGE = YES_ERROR;
				CLANG_WARN_DOCUMENTATION_COMMENTS = YES;
				CLANG_WARN_EMPTY_BODY = YES;
				CLANG_WARN_ENUM_CONVERSION = YES;
				CLANG_WARN_INFINITE_RECURSION = YES;
				CLANG_WARN_INT_CONVERSION = YES;
				CLANG_WARN_NON_LITERAL_NULL_CONVERSION = YES;
				CLANG_WARN_OBJC_IMPLICIT_RETAIN_SELF = YES;
				CLANG_WARN_OBJC_LITERAL_CONVERSION = YES;
				CLANG_WARN_OBJC_ROOT_CLASS = YES_ERROR;
				CLANG_WARN_QUOTED_INCLUDE_IN_FRAMEWORK_HEADER = YES;
				CLANG_WARN_RANGE_LOOP_ANALYSIS = YES;
				CLANG_WARN_STRICT_PROTOTYPES = YES;
				CLANG_WARN_SUSPICIOUS_MOVE = YES;
				CLANG_WARN_UNGUARDED_AVAILABILITY = YES_AGGRESSIVE;
				CLANG_WARN_UNREACHABLE_CODE = YES;
				CLANG_WARN__DUPLICATE_METHOD_MATCH = YES;
				COPY_PHASE_STRIP = YES;
				DEBUG_INFORMATION_FORMAT = "dwarf-with-dsym";
				ENABLE_NS_ASSERTIONS = NO;
				ENABLE_STRICT_OBJC_MSGSEND = YES;
				ENABLE_USER_SCRIPT_SANDBOXING = YES;
				GCC_C_LANGUAGE_STANDARD = gnu17;
				GCC_NO_COMMON_BLOCKS = YES;
				GCC_WARN_64_TO_32_BIT_CONVERSION = YES;
				GCC_WARN_ABOUT_RETURN_TYPE = YES_ERROR;
				GCC_WARN_UNDECLARED_SELECTOR = YES;
				GCC_WARN_UNINITIALIZED_AUTOS = YES_AGGRESSIVE;
				GCC_WARN_UNUSED_FUNCTION = YES;
				GCC_WARN_UNUSED_VARIABLE = YES;
				IPHONEOS_DEPLOYMENT_TARGET = 17.0;
				LOCALIZATION_PREFERS_STRING_CATALOGS = YES;
				MTL_ENABLE_DEBUG_INFO = NO;
				MTL_FAST_MATH = YES;
				ONLY_ACTIVE_ARCH = YES;
				SDKROOT = iphoneos;
				SWIFT_COMPILATION_MODE = wholemodule;
				VALIDATE_PRODUCT = YES;
			};
			name = Release;
		};
		DF03462A2C0D584100A70B47 /* Debug */ = {
			isa = XCBuildConfiguration;
			buildSettings = {
				ASSETCATALOG_COMPILER_APPICON_NAME = AppIcon;
				ASSETCATALOG_COMPILER_GLOBAL_ACCENT_COLOR_NAME = AccentColor;
				CODE_SIGN_STYLE = Automatic;
				CURRENT_PROJECT_VERSION = 1;
				DEVELOPMENT_ASSET_PATHS = "\"CloneChat/Preview Content\"";
				DEVELOPMENT_TEAM = JF56Q52HA5;
				ENABLE_PREVIEWS = YES;
				GENERATE_INFOPLIST_FILE = YES;
				INFOPLIST_FILE = CloneChat/Info.plist;
				INFOPLIST_KEY_NSMicrophoneUsageDescription = "use micphone to recording your voice to send voice message";
				INFOPLIST_KEY_UIApplicationSceneManifest_Generation = YES;
				INFOPLIST_KEY_UIApplicationSupportsIndirectInputEvents = YES;
				INFOPLIST_KEY_UILaunchScreen_Generation = YES;
				INFOPLIST_KEY_UIStatusBarStyle = UIStatusBarStyleDarkContent;
				INFOPLIST_KEY_UISupportedInterfaceOrientations = "UIInterfaceOrientationLandscapeLeft UIInterfaceOrientationLandscapeRight UIInterfaceOrientationPortrait UIInterfaceOrientationPortraitUpsideDown";
				LD_RUNPATH_SEARCH_PATHS = (
					"$(inherited)",
					"@executable_path/Frameworks",
				);
				MARKETING_VERSION = 1.0;
				PRODUCT_BUNDLE_IDENTIFIER = com.luke.SwiftSkool.WhatsAppClone;
				PRODUCT_NAME = "$(TARGET_NAME)";
				SWIFT_EMIT_LOC_STRINGS = YES;
				SWIFT_VERSION = 5.0;
				TARGETED_DEVICE_FAMILY = "1,2";
			};
			name = Debug;
		};
		DF03462B2C0D584100A70B47 /* Release */ = {
			isa = XCBuildConfiguration;
			buildSettings = {
				ASSETCATALOG_COMPILER_APPICON_NAME = AppIcon;
				ASSETCATALOG_COMPILER_GLOBAL_ACCENT_COLOR_NAME = AccentColor;
				CODE_SIGN_STYLE = Automatic;
				CURRENT_PROJECT_VERSION = 1;
				DEVELOPMENT_ASSET_PATHS = "\"CloneChat/Preview Content\"";
				DEVELOPMENT_TEAM = JF56Q52HA5;
				ENABLE_PREVIEWS = YES;
				GENERATE_INFOPLIST_FILE = YES;
				INFOPLIST_FILE = CloneChat/Info.plist;
				INFOPLIST_KEY_NSMicrophoneUsageDescription = "use micphone to recording your voice to send voice message";
				INFOPLIST_KEY_UIApplicationSceneManifest_Generation = YES;
				INFOPLIST_KEY_UIApplicationSupportsIndirectInputEvents = YES;
				INFOPLIST_KEY_UILaunchScreen_Generation = YES;
				INFOPLIST_KEY_UIStatusBarStyle = UIStatusBarStyleDarkContent;
				INFOPLIST_KEY_UISupportedInterfaceOrientations = "UIInterfaceOrientationLandscapeLeft UIInterfaceOrientationLandscapeRight UIInterfaceOrientationPortrait UIInterfaceOrientationPortraitUpsideDown";
				LD_RUNPATH_SEARCH_PATHS = (
					"$(inherited)",
					"@executable_path/Frameworks",
				);
				MARKETING_VERSION = 1.0;
				PRODUCT_BUNDLE_IDENTIFIER = com.luke.SwiftSkool.WhatsAppClone;
				PRODUCT_NAME = "$(TARGET_NAME)";
				SWIFT_EMIT_LOC_STRINGS = YES;
				SWIFT_VERSION = 5.0;
				TARGETED_DEVICE_FAMILY = "1,2";
			};
			name = Release;
		};
/* End XCBuildConfiguration section */

/* Begin XCConfigurationList section */
		DF0346162C0D583F00A70B47 /* Build configuration list for PBXProject "CloneChat" */ = {
			isa = XCConfigurationList;
			buildConfigurations = (
				DF0346272C0D584100A70B47 /* Debug */,
				DF0346282C0D584100A70B47 /* Release */,
			);
			defaultConfigurationIsVisible = 0;
			defaultConfigurationName = Release;
		};
		DF0346292C0D584100A70B47 /* Build configuration list for PBXNativeTarget "CloneChat" */ = {
			isa = XCConfigurationList;
			buildConfigurations = (
				DF03462A2C0D584100A70B47 /* Debug */,
				DF03462B2C0D584100A70B47 /* Release */,
			);
			defaultConfigurationIsVisible = 0;
			defaultConfigurationName = Release;
		};
/* End XCConfigurationList section */

/* Begin XCRemoteSwiftPackageReference section */
		A30F60912C22C65500A4D4CB /* XCRemoteSwiftPackageReference "Kingfisher" */ = {
			isa = XCRemoteSwiftPackageReference;
			repositoryURL = "https://github.com/onevcat/Kingfisher.git";
			requirement = {
				kind = upToNextMajorVersion;
				minimumVersion = 7.12.0;
			};
		};
		DF03462C2C0D58E800A70B47 /* XCRemoteSwiftPackageReference "firebase-ios-sdk" */ = {
			isa = XCRemoteSwiftPackageReference;
			repositoryURL = "https://github.com/firebase/firebase-ios-sdk.git";
			requirement = {
				kind = upToNextMajorVersion;
				minimumVersion = 10.27.0;
			};
		};
/* End XCRemoteSwiftPackageReference section */

/* Begin XCSwiftPackageProductDependency section */
		A30F607B2C2265F500A4D4CB /* FirebaseAuth */ = {
			isa = XCSwiftPackageProductDependency;
			package = DF03462C2C0D58E800A70B47 /* XCRemoteSwiftPackageReference "firebase-ios-sdk" */;
			productName = FirebaseAuth;
		};
		A30F607D2C2265F500A4D4CB /* FirebaseAuthCombine-Community */ = {
			isa = XCSwiftPackageProductDependency;
			package = DF03462C2C0D58E800A70B47 /* XCRemoteSwiftPackageReference "firebase-ios-sdk" */;
			productName = "FirebaseAuthCombine-Community";
		};
		A30F607F2C2265F500A4D4CB /* FirebaseDatabase */ = {
			isa = XCSwiftPackageProductDependency;
			package = DF03462C2C0D58E800A70B47 /* XCRemoteSwiftPackageReference "firebase-ios-sdk" */;
			productName = FirebaseDatabase;
		};
		A30F60812C2265F500A4D4CB /* FirebaseDatabaseSwift */ = {
			isa = XCSwiftPackageProductDependency;
			package = DF03462C2C0D58E800A70B47 /* XCRemoteSwiftPackageReference "firebase-ios-sdk" */;
			productName = FirebaseDatabaseSwift;
		};
		A30F60832C2265F500A4D4CB /* FirebaseFirestore */ = {
			isa = XCSwiftPackageProductDependency;
			package = DF03462C2C0D58E800A70B47 /* XCRemoteSwiftPackageReference "firebase-ios-sdk" */;
			productName = FirebaseFirestore;
		};
		A30F60852C2265F500A4D4CB /* FirebaseFirestoreCombine-Community */ = {
			isa = XCSwiftPackageProductDependency;
			package = DF03462C2C0D58E800A70B47 /* XCRemoteSwiftPackageReference "firebase-ios-sdk" */;
			productName = "FirebaseFirestoreCombine-Community";
		};
		A30F60872C2265F500A4D4CB /* FirebaseFirestoreSwift */ = {
			isa = XCSwiftPackageProductDependency;
			package = DF03462C2C0D58E800A70B47 /* XCRemoteSwiftPackageReference "firebase-ios-sdk" */;
			productName = FirebaseFirestoreSwift;
		};
		A30F60892C2265F500A4D4CB /* FirebaseStorage */ = {
			isa = XCSwiftPackageProductDependency;
			package = DF03462C2C0D58E800A70B47 /* XCRemoteSwiftPackageReference "firebase-ios-sdk" */;
			productName = FirebaseStorage;
		};
		A30F608B2C2265F500A4D4CB /* FirebaseStorageCombine-Community */ = {
			isa = XCSwiftPackageProductDependency;
			package = DF03462C2C0D58E800A70B47 /* XCRemoteSwiftPackageReference "firebase-ios-sdk" */;
			productName = "FirebaseStorageCombine-Community";
		};
		A30F60922C22C65500A4D4CB /* Kingfisher */ = {
			isa = XCSwiftPackageProductDependency;
			package = A30F60912C22C65500A4D4CB /* XCRemoteSwiftPackageReference "Kingfisher" */;
			productName = Kingfisher;
		};
/* End XCSwiftPackageProductDependency section */
	};
	rootObject = DF0346132C0D583F00A70B47 /* Project object */;
}
